xirang-lock: 1
top: soc-switch
packages:
- name: amba
  version: 0.1.0
  kind: library
  source:
    path: amba
  digest: sha256:f70a7b619a65dc9b2e936e3f1347d043
- name: emac
  version: 0.1.0
  kind: ip
  source:
    path: emac
  digest: sha256:8bde81abcc947cf0fb9c1b6ea064dfa6
- name: eswitch
  version: 0.1.0
  kind: ip
  source:
    path: eswitch
  digest: sha256:66ea23f00920b84149681477f0176db5
- name: hwcore
  version: 0.1.0
  kind: library
  source:
    path: hwcore
  digest: sha256:b9b76559f5e1041e77768b1cf979a8ee
- name: soc-switch
  version: 0.1.0
  kind: ip
  source:
    path: soc-switch
  digest: sha256:3e6917135a37b63c08e4faa08a8f113d
