xirang-lock: 1
top: soc-switch
packages:
- name: amba
  version: 0.1.0
  kind: library
  source:
    path: amba
  digest: sha256:580eb25b187d414bd3343818e5cec023
- name: emac
  version: 0.1.0
  kind: ip
  source:
    path: emac
  digest: sha256:7a786ecdb104b729e1df09939316acf6
- name: eswitch
  version: 0.1.0
  kind: ip
  source:
    path: eswitch
  digest: sha256:53f285958d418c790607f0e736b3c12d
- name: hwcore
  version: 0.1.0
  kind: library
  source:
    path: hwcore
  digest: sha256:6d458b35d1377f1ebd0f54d9fb8391d0
- name: soc-switch
  version: 0.1.0
  kind: ip
  source:
    path: soc-switch
  digest: sha256:3e6917135a37b63c08e4faa08a8f113d
